
Microsoft Visual Studio Solution File, Format Version 12.00
# Visual Studio 2012
Project("{8BC9CEB8-8B4A-11D0-8D11-00A0C91BC942}") = "Encryption Task code", "Encryption Task code\Encryption Task code.vcxproj", "{6B85D035-C29F-49F7-AC71-D47D8DFA808D}"
EndProject
Global
	GlobalSection(SolutionConfigurationPlatforms) = preSolution
		Debug|Win32 = Debug|Win32
		Release|Win32 = Release|Win32
	EndGlobalSection
	GlobalSection(ProjectConfigurationPlatforms) = postSolution
		{6B85D035-C29F-49F7-AC71-D47D8DFA808D}.Debug|Win32.ActiveCfg = Debug|Win32
		{6B85D035-C29F-49F7-AC71-D47D8DFA808D}.Debug|Win32.Build.0 = Debug|Win32
		{6B85D035-C29F-49F7-AC71-D47D8DFA808D}.Release|Win32.ActiveCfg = Release|Win32
		{6B85D035-C29F-49F7-AC71-D47D8DFA808D}.Release|Win32.Build.0 = Release|Win32
	EndGlobalSection
	GlobalSection(SolutionProperties) = preSolution
		HideSolutionNode = FALSE
	EndGlobalSection
EndGlobal
